// !$*UTF8*$!
{
	archiveVersion = 1;
	classes = {
	};
	objectVersion = 56;
	objects = {

/* Begin PBXBuildFile section */
		467079BD4BC55B47AAEE0A46 /* ClusterClient.swift in Sources */ = {isa = PBXBuildFile; fileRef = 2F696D72B0AB520D871D7212 /* ClusterClient.swift */; };
		FC3FB27063E85874BAD3CD68 /* ClusterStore.swift in Sources */ = {isa = PBXBuildFile; fileRef = 5DFB50FDB237539EBA0203EA /* ClusterStore.swift */; };
		8B6D91577E08554EB5010B98 /* ClusterView.swift in Sources */ = {isa = PBXBuildFile; fileRef = 93DCDE38074E5D0B85E0D320 /* ClusterView.swift */; };
		8C61286795D05114BAEB247C /* DetailViews.swift in Sources */ = {isa = PBXBuildFile; fileRef = CA205FF27D53514C8E6CD786 /* DetailViews.swift */; };
		3A28DB8169A055FEB77D44C6 /* KubeLensApp.swift in Sources */ = {isa = PBXBuildFile; fileRef = D06E4182C1E45026BA40E5EC /* KubeLensApp.swift */; };
		87919EF4E2005675876B190C /* KubeResources.swift in Sources */ = {isa = PBXBuildFile; fileRef = 8132B9CDE3B65F58ACE94505 /* KubeResources.swift */; };
		1B9D181AA16D5AF3A4B79E9F /* KubeStore.swift in Sources */ = {isa = PBXBuildFile; fileRef = 09BDD3F4210459548F9872BE /* KubeStore.swift */; };
		83A53B80C00D52B8B94C1140 /* Kubeconfig.swift in Sources */ = {isa = PBXBuildFile; fileRef = BE9A9E68289E5A68886F2884 /* Kubeconfig.swift */; };
		7ABBB77FDF4957E1B0088E80 /* Kubectl.swift in Sources */ = {isa = PBXBuildFile; fileRef = 46AFC31B23FE5F30A8634572 /* Kubectl.swift */; };
		FA5F70210A0D5A3C9D57275C /* MainView.swift in Sources */ = {isa = PBXBuildFile; fileRef = D13D2BAB150250FA92759BA8 /* MainView.swift */; };
		009493D33A475B789303B7F7 /* ResourceDetail.swift in Sources */ = {isa = PBXBuildFile; fileRef = D9E19E47A3C15F9DBD3D0A54 /* ResourceDetail.swift */; };
		2CA3552C9F275D91A14652C4 /* YAML.swift in Sources */ = {isa = PBXBuildFile; fileRef = E98A1C20FF825EFA9158B906 /* YAML.swift */; };
		C84C2752519250B5B6CD994A /* Assets.xcassets in Resources */ = {isa = PBXBuildFile; fileRef = 12834EA179285C59A652B11F /* Assets.xcassets */; };
/* End PBXBuildFile section */

/* Begin PBXFileReference section */
		2F696D72B0AB520D871D7212 /* ClusterClient.swift */ = {isa = PBXFileReference; lastKnownFileType = sourcecode.swift; path = ClusterClient.swift; sourceTree = "<group>"; };
		5DFB50FDB237539EBA0203EA /* ClusterStore.swift */ = {isa = PBXFileReference; lastKnownFileType = sourcecode.swift; path = ClusterStore.swift; sourceTree = "<group>"; };
		93DCDE38074E5D0B85E0D320 /* ClusterView.swift */ = {isa = PBXFileReference; lastKnownFileType = sourcecode.swift; path = ClusterView.swift; sourceTree = "<group>"; };
		CA205FF27D53514C8E6CD786 /* DetailViews.swift */ = {isa = PBXFileReference; lastKnownFileType = sourcecode.swift; path = DetailViews.swift; sourceTree = "<group>"; };
		D06E4182C1E45026BA40E5EC /* KubeLensApp.swift */ = {isa = PBXFileReference; lastKnownFileType = sourcecode.swift; path = KubeLensApp.swift; sourceTree = "<group>"; };
		8132B9CDE3B65F58ACE94505 /* KubeResources.swift */ = {isa = PBXFileReference; lastKnownFileType = sourcecode.swift; path = KubeResources.swift; sourceTree = "<group>"; };
		09BDD3F4210459548F9872BE /* KubeStore.swift */ = {isa = PBXFileReference; lastKnownFileType = sourcecode.swift; path = KubeStore.swift; sourceTree = "<group>"; };
		BE9A9E68289E5A68886F2884 /* Kubeconfig.swift */ = {isa = PBXFileReference; lastKnownFileType = sourcecode.swift; path = Kubeconfig.swift; sourceTree = "<group>"; };
		46AFC31B23FE5F30A8634572 /* Kubectl.swift */ = {isa = PBXFileReference; lastKnownFileType = sourcecode.swift; path = Kubectl.swift; sourceTree = "<group>"; };
		D13D2BAB150250FA92759BA8 /* MainView.swift */ = {isa = PBXFileReference; lastKnownFileType = sourcecode.swift; path = MainView.swift; sourceTree = "<group>"; };
		D9E19E47A3C15F9DBD3D0A54 /* ResourceDetail.swift */ = {isa = PBXFileReference; lastKnownFileType = sourcecode.swift; path = ResourceDetail.swift; sourceTree = "<group>"; };
		E98A1C20FF825EFA9158B906 /* YAML.swift */ = {isa = PBXFileReference; lastKnownFileType = sourcecode.swift; path = YAML.swift; sourceTree = "<group>"; };
		12834EA179285C59A652B11F /* Assets.xcassets */ = {isa = PBXFileReference; lastKnownFileType = folder.assetcatalog; name = Assets.xcassets; path = Resources/Assets.xcassets; sourceTree = "<group>"; };
		078FBA91FBF654E184B652F0 /* KubeLens.app */ = {isa = PBXFileReference; explicitFileType = wrapper.application; includeInIndex = 0; path = KubeLens.app; sourceTree = BUILT_PRODUCTS_DIR; };
/* End PBXFileReference section */

/* Begin PBXFrameworksBuildPhase section */
		87C3A6424DEC5F6EA3CBEDAD /* Frameworks */ = {
			isa = PBXFrameworksBuildPhase;
			buildActionMask = 2147483647;
			files = (
			);
			runOnlyForDeploymentPostprocessing = 0;
		};
/* End PBXFrameworksBuildPhase section */

/* Begin PBXGroup section */
		842842D683505EDEB8BE0821 = {
			isa = PBXGroup;
			children = (
				C220208DFB6A5ACF9124E97D /* KubeLens */,
				12834EA179285C59A652B11F /* Assets.xcassets */,
				7988FEFEF44D5BD68565C3B6 /* Products */,
			);
			sourceTree = "<group>";
		};
		C220208DFB6A5ACF9124E97D /* KubeLens */ = {
			isa = PBXGroup;
			children = (
				2F696D72B0AB520D871D7212 /* ClusterClient.swift */,
				5DFB50FDB237539EBA0203EA /* ClusterStore.swift */,
				93DCDE38074E5D0B85E0D320 /* ClusterView.swift */,
				CA205FF27D53514C8E6CD786 /* DetailViews.swift */,
				D06E4182C1E45026BA40E5EC /* KubeLensApp.swift */,
				8132B9CDE3B65F58ACE94505 /* KubeResources.swift */,
				09BDD3F4210459548F9872BE /* KubeStore.swift */,
				BE9A9E68289E5A68886F2884 /* Kubeconfig.swift */,
				46AFC31B23FE5F30A8634572 /* Kubectl.swift */,
				D13D2BAB150250FA92759BA8 /* MainView.swift */,
				D9E19E47A3C15F9DBD3D0A54 /* ResourceDetail.swift */,
				E98A1C20FF825EFA9158B906 /* YAML.swift */,
			);
			name = KubeLens;
			path = Sources/KubeLens;
			sourceTree = "<group>";
		};
		7988FEFEF44D5BD68565C3B6 /* Products */ = {
			isa = PBXGroup;
			children = (
				078FBA91FBF654E184B652F0 /* KubeLens.app */,
			);
			name = Products;
			sourceTree = "<group>";
		};
/* End PBXGroup section */

/* Begin PBXNativeTarget section */
		AC51B21FE68A5D86B76D482F /* KubeLens */ = {
			isa = PBXNativeTarget;
			buildConfigurationList = BA739CEE1757537781E56BB9;
			buildPhases = (
				0C980F061A895E24A8169FC0 /* Sources */,
				87C3A6424DEC5F6EA3CBEDAD /* Frameworks */,
				4DD16E0B736F5CD4A864065C /* Resources */,
			);
			buildRules = (
			);
			dependencies = (
			);
			name = KubeLens;
			productName = KubeLens;
			productReference = 078FBA91FBF654E184B652F0 /* KubeLens.app */;
			productType = "com.apple.product-type.application";
		};
/* End PBXNativeTarget section */

/* Begin PBXProject section */
		EED59B7DF1C954B19A9D867C /* Project object */ = {
			isa = PBXProject;
			attributes = {
				BuildIndependentTargetsInParallel = 1;
				LastSwiftUpdateCheck = 1600;
				LastUpgradeCheck = 1600;
			};
			buildConfigurationList = 979073F3ECF8545DBF156911;
			compatibilityVersion = "Xcode 14.0";
			developmentRegion = ru;
			hasScannedForEncodings = 0;
			knownRegions = (
				en,
				ru,
				Base,
			);
			mainGroup = 842842D683505EDEB8BE0821;
			productRefGroup = 7988FEFEF44D5BD68565C3B6 /* Products */;
			projectDirPath = "";
			projectRoot = "";
			targets = (
				AC51B21FE68A5D86B76D482F /* KubeLens */,
			);
		};
/* End PBXProject section */

/* Begin PBXResourcesBuildPhase section */
		4DD16E0B736F5CD4A864065C /* Resources */ = {
			isa = PBXResourcesBuildPhase;
			buildActionMask = 2147483647;
			files = (
				C84C2752519250B5B6CD994A /* Assets.xcassets in Resources */,
			);
			runOnlyForDeploymentPostprocessing = 0;
		};
/* End PBXResourcesBuildPhase section */

/* Begin PBXSourcesBuildPhase section */
		0C980F061A895E24A8169FC0 /* Sources */ = {
			isa = PBXSourcesBuildPhase;
			buildActionMask = 2147483647;
			files = (
				467079BD4BC55B47AAEE0A46 /* ClusterClient.swift in Sources */,
				FC3FB27063E85874BAD3CD68 /* ClusterStore.swift in Sources */,
				8B6D91577E08554EB5010B98 /* ClusterView.swift in Sources */,
				8C61286795D05114BAEB247C /* DetailViews.swift in Sources */,
				3A28DB8169A055FEB77D44C6 /* KubeLensApp.swift in Sources */,
				87919EF4E2005675876B190C /* KubeResources.swift in Sources */,
				1B9D181AA16D5AF3A4B79E9F /* KubeStore.swift in Sources */,
				83A53B80C00D52B8B94C1140 /* Kubeconfig.swift in Sources */,
				7ABBB77FDF4957E1B0088E80 /* Kubectl.swift in Sources */,
				FA5F70210A0D5A3C9D57275C /* MainView.swift in Sources */,
				009493D33A475B789303B7F7 /* ResourceDetail.swift in Sources */,
				2CA3552C9F275D91A14652C4 /* YAML.swift in Sources */,
			);
			runOnlyForDeploymentPostprocessing = 0;
		};
/* End PBXSourcesBuildPhase section */

/* Begin XCBuildConfiguration section */
		5ACDFCC66791508AA8958FAF /* Debug */ = {
			isa = XCBuildConfiguration;
			buildSettings = {
				ALWAYS_SEARCH_USER_PATHS = NO;
				CLANG_ENABLE_OBJC_ARC = YES;
				COPY_PHASE_STRIP = NO;
				ENABLE_STRICT_OBJC_MSGSEND = YES;
				MACOSX_DEPLOYMENT_TARGET = 14.4;
				SDKROOT = macosx;
				DEBUG_INFORMATION_FORMAT = dwarf;
				ENABLE_TESTABILITY = YES;
				GCC_OPTIMIZATION_LEVEL = 0;
				GCC_PREPROCESSOR_DEFINITIONS = (
					"DEBUG=1",
					"$(inherited)",
				);
				MTL_ENABLE_DEBUG_INFO = INCLUDE_SOURCE;
				ONLY_ACTIVE_ARCH = YES;
				SWIFT_ACTIVE_COMPILATION_CONDITIONS = "DEBUG $(inherited)";
				SWIFT_OPTIMIZATION_LEVEL = "-Onone";
			};
			name = Debug;
		};
		684CB48301B554438A6EAA31 /* Release */ = {
			isa = XCBuildConfiguration;
			buildSettings = {
				ALWAYS_SEARCH_USER_PATHS = NO;
				CLANG_ENABLE_OBJC_ARC = YES;
				COPY_PHASE_STRIP = NO;
				ENABLE_STRICT_OBJC_MSGSEND = YES;
				MACOSX_DEPLOYMENT_TARGET = 14.4;
				SDKROOT = macosx;
				DEBUG_INFORMATION_FORMAT = "dwarf-with-dsym";
				ENABLE_NS_ASSERTIONS = NO;
				SWIFT_COMPILATION_MODE = wholemodule;
				SWIFT_OPTIMIZATION_LEVEL = "-O";
			};
			name = Release;
		};
		F94DEEC44EEF57839468BF41 /* Debug */ = {
			isa = XCBuildConfiguration;
			buildSettings = {
				ASSETCATALOG_COMPILER_APPICON_NAME = AppIcon;
				CODE_SIGN_IDENTITY = "Apple Development";
				CODE_SIGN_STYLE = Automatic;
				COMBINE_HIDPI_IMAGES = YES;
				CURRENT_PROJECT_VERSION = 1;
				DEVELOPMENT_TEAM = DT7W5LCT3Z;
				ENABLE_HARDENED_RUNTIME = YES;
				GENERATE_INFOPLIST_FILE = YES;
				INFOPLIST_KEY_CFBundleDisplayName = KubeLens;
				INFOPLIST_KEY_LSApplicationCategoryType = "public.app-category.developer-tools";
				INFOPLIST_KEY_LSUIElement = YES;
				INFOPLIST_KEY_NSHumanReadableCopyright = "";
				INFOPLIST_KEY_NSPrincipalClass = NSApplication;
				MARKETING_VERSION = 0.1.0;
				PRODUCT_BUNDLE_IDENTIFIER = com.nvsces.kubelens;
				PRODUCT_NAME = "$(TARGET_NAME)";
				PROVISIONING_PROFILE_SPECIFIER = "";
				SWIFT_EMIT_LOC_STRINGS = YES;
				SWIFT_VERSION = 5.0;
			};
			name = Debug;
		};
		2639CB5D41185187AB6208CA /* Release */ = {
			isa = XCBuildConfiguration;
			buildSettings = {
				ASSETCATALOG_COMPILER_APPICON_NAME = AppIcon;
				CODE_SIGN_IDENTITY = "Apple Development";
				CODE_SIGN_STYLE = Automatic;
				COMBINE_HIDPI_IMAGES = YES;
				CURRENT_PROJECT_VERSION = 1;
				DEVELOPMENT_TEAM = DT7W5LCT3Z;
				ENABLE_HARDENED_RUNTIME = YES;
				GENERATE_INFOPLIST_FILE = YES;
				INFOPLIST_KEY_CFBundleDisplayName = KubeLens;
				INFOPLIST_KEY_LSApplicationCategoryType = "public.app-category.developer-tools";
				INFOPLIST_KEY_LSUIElement = YES;
				INFOPLIST_KEY_NSHumanReadableCopyright = "";
				INFOPLIST_KEY_NSPrincipalClass = NSApplication;
				MARKETING_VERSION = 0.1.0;
				PRODUCT_BUNDLE_IDENTIFIER = com.nvsces.kubelens;
				PRODUCT_NAME = "$(TARGET_NAME)";
				PROVISIONING_PROFILE_SPECIFIER = "";
				SWIFT_EMIT_LOC_STRINGS = YES;
				SWIFT_VERSION = 5.0;
			};
			name = Release;
		};
/* End XCBuildConfiguration section */

/* Begin XCConfigurationList section */
		979073F3ECF8545DBF156911 = {
			isa = XCConfigurationList;
			buildConfigurations = (
				5ACDFCC66791508AA8958FAF /* Debug */,
				684CB48301B554438A6EAA31 /* Release */,
			);
			defaultConfigurationIsVisible = 0;
			defaultConfigurationName = Release;
		};
		BA739CEE1757537781E56BB9 = {
			isa = XCConfigurationList;
			buildConfigurations = (
				F94DEEC44EEF57839468BF41 /* Debug */,
				2639CB5D41185187AB6208CA /* Release */,
			);
			defaultConfigurationIsVisible = 0;
			defaultConfigurationName = Release;
		};
/* End XCConfigurationList section */
	};
	rootObject = EED59B7DF1C954B19A9D867C /* Project object */;
}
